
Microsoft Visual Studio Solution File, Format Version 12.00
# Visual Studio Version 16
VisualStudioVersion = 16.0.31205.134
MinimumVisualStudioVersion = 10.0.40219.1
Project("{FAE04EC0-301F-11D3-BF4B-00C04F79EFBC}") = "MovieAPI", "MovieAPI\MovieAPI.csproj", "{25A96C97-6C50-4EAB-9234-43BD0C7B258C}"
EndProject
Global
	GlobalSection(SolutionConfigurationPlatforms) = preSolution
		Debug|Any CPU = Debug|Any CPU
		Release|Any CPU = Release|Any CPU
	EndGlobalSection
	GlobalSection(ProjectConfigurationPlatforms) = postSolution
		{25A96C97-6C50-4EAB-9234-43BD0C7B258C}.Debug|Any CPU.ActiveCfg = Debug|Any CPU
		{25A96C97-6C50-4EAB-9234-43BD0C7B258C}.Debug|Any CPU.Build.0 = Debug|Any CPU
		{25A96C97-6C50-4EAB-9234-43BD0C7B258C}.Release|Any CPU.ActiveCfg = Release|Any CPU
		{25A96C97-6C50-4EAB-9234-43BD0C7B258C}.Release|Any CPU.Build.0 = Release|Any CPU
	EndGlobalSection
	GlobalSection(SolutionProperties) = preSolution
		HideSolutionNode = FALSE
	EndGlobalSection
	GlobalSection(ExtensibilityGlobals) = postSolution
		SolutionGuid = {752EF7A2-EC3F-4928-A5C5-DD5E1F8B7CAE}
	EndGlobalSection
EndGlobal
